// !$*UTF8*$!
{
	archiveVersion = 1;
	classes = {
	};
	objectVersion = 56;
	objects = {

/* Begin PBXBuildFile section */
		C73154F02B36FB5100D9E0FF /* Validations.swift in Sources */ = {isa = PBXBuildFile; fileRef = C73154EF2B36FB5100D9E0FF /* Validations.swift */; };
		C73154F22B36FB6400D9E0FF /* Utils.swift in Sources */ = {isa = PBXBuildFile; fileRef = C73154F12B36FB6400D9E0FF /* Utils.swift */; };
		C73154F42B36FB8100D9E0FF /* TransactionFormView.swift in Sources */ = {isa = PBXBuildFile; fileRef = C73154F32B36FB8100D9E0FF /* TransactionFormView.swift */; };
		C73154F62B36FBBE00D9E0FF /* ViewModel.swift in Sources */ = {isa = PBXBuildFile; fileRef = C73154F52B36FBBE00D9E0FF /* ViewModel.swift */; };
		C73154F82B36FC1100D9E0FF /* Models.swift in Sources */ = {isa = PBXBuildFile; fileRef = C73154F72B36FC1100D9E0FF /* Models.swift */; };
		C73154FA2B36FFD000D9E0FF /* currency_text_field.swift in Sources */ = {isa = PBXBuildFile; fileRef = C73154F92B36FFD000D9E0FF /* currency_text_field.swift */; };
		C73154FC2B3709AB00D9E0FF /* ShipmentListView.swift in Sources */ = {isa = PBXBuildFile; fileRef = C73154FB2B3709AB00D9E0FF /* ShipmentListView.swift */; };
		C73154FE2B37283200D9E0FF /* ShipmentFormView.swift in Sources */ = {isa = PBXBuildFile; fileRef = C73154FD2B37283200D9E0FF /* ShipmentFormView.swift */; };
		C73155002B372C3B00D9E0FF /* shipmentModel.swift in Sources */ = {isa = PBXBuildFile; fileRef = C73154FF2B372C3B00D9E0FF /* shipmentModel.swift */; };
		C731550A2B37313600D9E0FF /* ApiRequest.swift in Sources */ = {isa = PBXBuildFile; fileRef = C73155092B37313600D9E0FF /* ApiRequest.swift */; };
		C731550D2B373DE300D9E0FF /* LoginView.swift in Sources */ = {isa = PBXBuildFile; fileRef = C731550C2B373DE300D9E0FF /* LoginView.swift */; };
		C731550F2B373E4F00D9E0FF /* SignAppleId.swift in Sources */ = {isa = PBXBuildFile; fileRef = C731550E2B373E4F00D9E0FF /* SignAppleId.swift */; };
		C7A037C42B3748530045E1D9 /* LifeAssistantApp.swift in Sources */ = {isa = PBXBuildFile; fileRef = C7A037C32B3748530045E1D9 /* LifeAssistantApp.swift */; };
		C7A037C72B374BC70045E1D9 /* NetworkConfiguration.swift in Sources */ = {isa = PBXBuildFile; fileRef = C7A037C62B374BC70045E1D9 /* NetworkConfiguration.swift */; };
		C7A037C92B377D6C0045E1D9 /* ListDesign.swift in Sources */ = {isa = PBXBuildFile; fileRef = C7A037C82B377D6C0045E1D9 /* ListDesign.swift */; };
		C7B06C992B35DD8A001C9703 /* ContentView.swift in Sources */ = {isa = PBXBuildFile; fileRef = C7B06C982B35DD8A001C9703 /* ContentView.swift */; };
		C7B06C9B2B35DD8C001C9703 /* Assets.xcassets in Resources */ = {isa = PBXBuildFile; fileRef = C7B06C9A2B35DD8C001C9703 /* Assets.xcassets */; };
		C7B06C9E2B35DD8C001C9703 /* Preview Assets.xcassets in Resources */ = {isa = PBXBuildFile; fileRef = C7B06C9D2B35DD8C001C9703 /* Preview Assets.xcassets */; };
		C7B06CA82B35DD8C001C9703 /* life_assistant_appTests.swift in Sources */ = {isa = PBXBuildFile; fileRef = C7B06CA72B35DD8C001C9703 /* life_assistant_appTests.swift */; };
		C7B06CB22B35DD8C001C9703 /* life_assistant_appUITests.swift in Sources */ = {isa = PBXBuildFile; fileRef = C7B06CB12B35DD8C001C9703 /* life_assistant_appUITests.swift */; };
		C7B06CB42B35DD8C001C9703 /* life_assistant_appUITestsLaunchTests.swift in Sources */ = {isa = PBXBuildFile; fileRef = C7B06CB32B35DD8C001C9703 /* life_assistant_appUITestsLaunchTests.swift */; };
/* End PBXBuildFile section */

/* Begin PBXContainerItemProxy section */
		C7B06CA42B35DD8C001C9703 /* PBXContainerItemProxy */ = {
			isa = PBXContainerItemProxy;
			containerPortal = C7B06C8B2B35DD8A001C9703 /* Project object */;
			proxyType = 1;
			remoteGlobalIDString = C7B06C922B35DD8A001C9703;
			remoteInfo = life_assistant_app;
		};
		C7B06CAE2B35DD8C001C9703 /* PBXContainerItemProxy */ = {
			isa = PBXContainerItemProxy;
			containerPortal = C7B06C8B2B35DD8A001C9703 /* Project object */;
			proxyType = 1;
			remoteGlobalIDString = C7B06C922B35DD8A001C9703;
			remoteInfo = life_assistant_app;
		};
/* End PBXContainerItemProxy section */

/* Begin PBXFileReference section */
		C73154EF2B36FB5100D9E0FF /* Validations.swift */ = {isa = PBXFileReference; lastKnownFileType = sourcecode.swift; path = Validations.swift; sourceTree = "<group>"; };
		C73154F12B36FB6400D9E0FF /* Utils.swift */ = {isa = PBXFileReference; lastKnownFileType = sourcecode.swift; path = Utils.swift; sourceTree = "<group>"; };
		C73154F32B36FB8100D9E0FF /* TransactionFormView.swift */ = {isa = PBXFileReference; lastKnownFileType = sourcecode.swift; path = TransactionFormView.swift; sourceTree = "<group>"; };
		C73154F52B36FBBE00D9E0FF /* ViewModel.swift */ = {isa = PBXFileReference; lastKnownFileType = sourcecode.swift; path = ViewModel.swift; sourceTree = "<group>"; };
		C73154F72B36FC1100D9E0FF /* Models.swift */ = {isa = PBXFileReference; lastKnownFileType = sourcecode.swift; path = Models.swift; sourceTree = "<group>"; };
		C73154F92B36FFD000D9E0FF /* currency_text_field.swift */ = {isa = PBXFileReference; lastKnownFileType = sourcecode.swift; path = currency_text_field.swift; sourceTree = "<group>"; };
		C73154FB2B3709AB00D9E0FF /* ShipmentListView.swift */ = {isa = PBXFileReference; lastKnownFileType = sourcecode.swift; path = ShipmentListView.swift; sourceTree = "<group>"; };
		C73154FD2B37283200D9E0FF /* ShipmentFormView.swift */ = {isa = PBXFileReference; lastKnownFileType = sourcecode.swift; path = ShipmentFormView.swift; sourceTree = "<group>"; };
		C73154FF2B372C3B00D9E0FF /* shipmentModel.swift */ = {isa = PBXFileReference; lastKnownFileType = sourcecode.swift; path = shipmentModel.swift; sourceTree = "<group>"; };
		C73155092B37313600D9E0FF /* ApiRequest.swift */ = {isa = PBXFileReference; lastKnownFileType = sourcecode.swift; path = ApiRequest.swift; sourceTree = "<group>"; };
		C731550C2B373DE300D9E0FF /* LoginView.swift */ = {isa = PBXFileReference; lastKnownFileType = sourcecode.swift; path = LoginView.swift; sourceTree = "<group>"; };
		C731550E2B373E4F00D9E0FF /* SignAppleId.swift */ = {isa = PBXFileReference; lastKnownFileType = sourcecode.swift; path = SignAppleId.swift; sourceTree = "<group>"; };
		C7A037C32B3748530045E1D9 /* LifeAssistantApp.swift */ = {isa = PBXFileReference; fileEncoding = 4; lastKnownFileType = sourcecode.swift; path = LifeAssistantApp.swift; sourceTree = "<group>"; };
		C7A037C52B3749330045E1D9 /* life-assistant-app-Info.plist */ = {isa = PBXFileReference; lastKnownFileType = text.plist; path = "life-assistant-app-Info.plist"; sourceTree = SOURCE_ROOT; };
		C7A037C62B374BC70045E1D9 /* NetworkConfiguration.swift */ = {isa = PBXFileReference; lastKnownFileType = sourcecode.swift; path = NetworkConfiguration.swift; sourceTree = "<group>"; };
		C7A037C82B377D6C0045E1D9 /* ListDesign.swift */ = {isa = PBXFileReference; lastKnownFileType = sourcecode.swift; path = ListDesign.swift; sourceTree = "<group>"; };
		C7B06C932B35DD8A001C9703 /* life_assistant_app.app */ = {isa = PBXFileReference; explicitFileType = wrapper.application; includeInIndex = 0; path = life_assistant_app.app; sourceTree = BUILT_PRODUCTS_DIR; };
		C7B06C982B35DD8A001C9703 /* ContentView.swift */ = {isa = PBXFileReference; lastKnownFileType = sourcecode.swift; path = ContentView.swift; sourceTree = "<group>"; };
		C7B06C9A2B35DD8C001C9703 /* Assets.xcassets */ = {isa = PBXFileReference; lastKnownFileType = folder.assetcatalog; path = Assets.xcassets; sourceTree = "<group>"; };
		C7B06C9D2B35DD8C001C9703 /* Preview Assets.xcassets */ = {isa = PBXFileReference; lastKnownFileType = folder.assetcatalog; path = "Preview Assets.xcassets"; sourceTree = "<group>"; };
		C7B06CA32B35DD8C001C9703 /* life_assistant_appTests.xctest */ = {isa = PBXFileReference; explicitFileType = wrapper.cfbundle; includeInIndex = 0; path = life_assistant_appTests.xctest; sourceTree = BUILT_PRODUCTS_DIR; };
		C7B06CA72B35DD8C001C9703 /* life_assistant_appTests.swift */ = {isa = PBXFileReference; lastKnownFileType = sourcecode.swift; path = life_assistant_appTests.swift; sourceTree = "<group>"; };
		C7B06CAD2B35DD8C001C9703 /* life_assistant_appUITests.xctest */ = {isa = PBXFileReference; explicitFileType = wrapper.cfbundle; includeInIndex = 0; path = life_assistant_appUITests.xctest; sourceTree = BUILT_PRODUCTS_DIR; };
		C7B06CB12B35DD8C001C9703 /* life_assistant_appUITests.swift */ = {isa = PBXFileReference; lastKnownFileType = sourcecode.swift; path = life_assistant_appUITests.swift; sourceTree = "<group>"; };
		C7B06CB32B35DD8C001C9703 /* life_assistant_appUITestsLaunchTests.swift */ = {isa = PBXFileReference; lastKnownFileType = sourcecode.swift; path = life_assistant_appUITestsLaunchTests.swift; sourceTree = "<group>"; };
/* End PBXFileReference section */

/* Begin PBXFrameworksBuildPhase section */
		C7B06C902B35DD8A001C9703 /* Frameworks */ = {
			isa = PBXFrameworksBuildPhase;
			buildActionMask = 2147483647;
			files = (
			);
			runOnlyForDeploymentPostprocessing = 0;
		};
		C7B06CA02B35DD8C001C9703 /* Frameworks */ = {
			isa = PBXFrameworksBuildPhase;
			buildActionMask = 2147483647;
			files = (
			);
			runOnlyForDeploymentPostprocessing = 0;
		};
		C7B06CAA2B35DD8C001C9703 /* Frameworks */ = {
			isa = PBXFrameworksBuildPhase;
			buildActionMask = 2147483647;
			files = (
			);
			runOnlyForDeploymentPostprocessing = 0;
		};
/* End PBXFrameworksBuildPhase section */

/* Begin PBXGroup section */
		C73155012B372C8900D9E0FF /* viewModels */ = {
			isa = PBXGroup;
			children = (
				C73154FF2B372C3B00D9E0FF /* shipmentModel.swift */,
				C73154F52B36FBBE00D9E0FF /* ViewModel.swift */,
			);
			path = viewModels;
			sourceTree = "<group>";
		};
		C73155022B372CB600D9E0FF /* Views */ = {
			isa = PBXGroup;
			children = (
				C731550B2B373DD200D9E0FF /* IUsers */,
				C73155052B372CEE00D9E0FF /* Transactions */,
				C73155042B372CD800D9E0FF /* Home */,
				C73155032B372CCE00D9E0FF /* Shipments */,
			);
			path = Views;
			sourceTree = "<group>";
		};
		C73155032B372CCE00D9E0FF /* Shipments */ = {
			isa = PBXGroup;
			children = (
				C73154FB2B3709AB00D9E0FF /* ShipmentListView.swift */,
				C73154FD2B37283200D9E0FF /* ShipmentFormView.swift */,
			);
			path = Shipments;
			sourceTree = "<group>";
		};
		C73155042B372CD800D9E0FF /* Home */ = {
			isa = PBXGroup;
			children = (
				C7B06C982B35DD8A001C9703 /* ContentView.swift */,
			);
			path = Home;
			sourceTree = "<group>";
		};
		C73155052B372CEE00D9E0FF /* Transactions */ = {
			isa = PBXGroup;
			children = (
				C73154F32B36FB8100D9E0FF /* TransactionFormView.swift */,
			);
			path = Transactions;
			sourceTree = "<group>";
		};
		C73155062B37311000D9E0FF /* utils */ = {
			isa = PBXGroup;
			children = (
				C73155092B37313600D9E0FF /* ApiRequest.swift */,
				C7A037C82B377D6C0045E1D9 /* ListDesign.swift */,
			);
			path = utils;
			sourceTree = "<group>";
		};
		C731550B2B373DD200D9E0FF /* IUsers */ = {
			isa = PBXGroup;
			children = (
				C731550C2B373DE300D9E0FF /* LoginView.swift */,
				C731550E2B373E4F00D9E0FF /* SignAppleId.swift */,
			);
			path = IUsers;
			sourceTree = "<group>";
		};
		C7B06C8A2B35DD8A001C9703 = {
			isa = PBXGroup;
			children = (
				C7B06C952B35DD8A001C9703 /* life_assistant_app */,
				C7B06CA62B35DD8C001C9703 /* life_assistant_appTests */,
				C7B06CB02B35DD8C001C9703 /* life_assistant_appUITests */,
				C7B06C942B35DD8A001C9703 /* Products */,
			);
			sourceTree = "<group>";
		};
		C7B06C942B35DD8A001C9703 /* Products */ = {
			isa = PBXGroup;
			children = (
				C7B06C932B35DD8A001C9703 /* life_assistant_app.app */,
				C7B06CA32B35DD8C001C9703 /* life_assistant_appTests.xctest */,
				C7B06CAD2B35DD8C001C9703 /* life_assistant_appUITests.xctest */,
			);
			name = Products;
			sourceTree = "<group>";
		};
		C7B06C952B35DD8A001C9703 /* life_assistant_app */ = {
			isa = PBXGroup;
			children = (
				C7A037C52B3749330045E1D9 /* life-assistant-app-Info.plist */,
				C73155062B37311000D9E0FF /* utils */,
				C73155022B372CB600D9E0FF /* Views */,
				C7B06C9A2B35DD8C001C9703 /* Assets.xcassets */,
				C7B06C9C2B35DD8C001C9703 /* Preview Content */,
				C73154EF2B36FB5100D9E0FF /* Validations.swift */,
				C73154F12B36FB6400D9E0FF /* Utils.swift */,
				C73155012B372C8900D9E0FF /* viewModels */,
				C73154F72B36FC1100D9E0FF /* Models.swift */,
				C73154F92B36FFD000D9E0FF /* currency_text_field.swift */,
				C7A037C32B3748530045E1D9 /* LifeAssistantApp.swift */,
				C7A037C62B374BC70045E1D9 /* NetworkConfiguration.swift */,
			);
			path = life_assistant_app;
			sourceTree = "<group>";
		};
		C7B06C9C2B35DD8C001C9703 /* Preview Content */ = {
			isa = PBXGroup;
			children = (
				C7B06C9D2B35DD8C001C9703 /* Preview Assets.xcassets */,
			);
			path = "Preview Content";
			sourceTree = "<group>";
		};
		C7B06CA62B35DD8C001C9703 /* life_assistant_appTests */ = {
			isa = PBXGroup;
			children = (
				C7B06CA72B35DD8C001C9703 /* life_assistant_appTests.swift */,
			);
			path = life_assistant_appTests;
			sourceTree = "<group>";
		};
		C7B06CB02B35DD8C001C9703 /* life_assistant_appUITests */ = {
			isa = PBXGroup;
			children = (
				C7B06CB12B35DD8C001C9703 /* life_assistant_appUITests.swift */,
				C7B06CB32B35DD8C001C9703 /* life_assistant_appUITestsLaunchTests.swift */,
			);
			path = life_assistant_appUITests;
			sourceTree = "<group>";
		};
/* End PBXGroup section */

/* Begin PBXNativeTarget section */
		C7B06C922B35DD8A001C9703 /* life_assistant_app */ = {
			isa = PBXNativeTarget;
			buildConfigurationList = C7B06CB72B35DD8C001C9703 /* Build configuration list for PBXNativeTarget "life_assistant_app" */;
			buildPhases = (
				C7B06C8F2B35DD8A001C9703 /* Sources */,
				C7B06C902B35DD8A001C9703 /* Frameworks */,
				C7B06C912B35DD8A001C9703 /* Resources */,
			);
			buildRules = (
			);
			dependencies = (
			);
			name = life_assistant_app;
			productName = life_assistant_app;
			productReference = C7B06C932B35DD8A001C9703 /* life_assistant_app.app */;
			productType = "com.apple.product-type.application";
		};
		C7B06CA22B35DD8C001C9703 /* life_assistant_appTests */ = {
			isa = PBXNativeTarget;
			buildConfigurationList = C7B06CBA2B35DD8C001C9703 /* Build configuration list for PBXNativeTarget "life_assistant_appTests" */;
			buildPhases = (
				C7B06C9F2B35DD8C001C9703 /* Sources */,
				C7B06CA02B35DD8C001C9703 /* Frameworks */,
				C7B06CA12B35DD8C001C9703 /* Resources */,
			);
			buildRules = (
			);
			dependencies = (
				C7B06CA52B35DD8C001C9703 /* PBXTargetDependency */,
			);
			name = life_assistant_appTests;
			productName = life_assistant_appTests;
			productReference = C7B06CA32B35DD8C001C9703 /* life_assistant_appTests.xctest */;
			productType = "com.apple.product-type.bundle.unit-test";
		};
		C7B06CAC2B35DD8C001C9703 /* life_assistant_appUITests */ = {
			isa = PBXNativeTarget;
			buildConfigurationList = C7B06CBD2B35DD8C001C9703 /* Build configuration list for PBXNativeTarget "life_assistant_appUITests" */;
			buildPhases = (
				C7B06CA92B35DD8C001C9703 /* Sources */,
				C7B06CAA2B35DD8C001C9703 /* Frameworks */,
				C7B06CAB2B35DD8C001C9703 /* Resources */,
			);
			buildRules = (
			);
			dependencies = (
				C7B06CAF2B35DD8C001C9703 /* PBXTargetDependency */,
			);
			name = life_assistant_appUITests;
			productName = life_assistant_appUITests;
			productReference = C7B06CAD2B35DD8C001C9703 /* life_assistant_appUITests.xctest */;
			productType = "com.apple.product-type.bundle.ui-testing";
		};
/* End PBXNativeTarget section */

/* Begin PBXProject section */
		C7B06C8B2B35DD8A001C9703 /* Project object */ = {
			isa = PBXProject;
			attributes = {
				BuildIndependentTargetsInParallel = 1;
				LastSwiftUpdateCheck = 1510;
				LastUpgradeCheck = 1510;
				TargetAttributes = {
					C7B06C922B35DD8A001C9703 = {
						CreatedOnToolsVersion = 15.1;
					};
					C7B06CA22B35DD8C001C9703 = {
						CreatedOnToolsVersion = 15.1;
						TestTargetID = C7B06C922B35DD8A001C9703;
					};
					C7B06CAC2B35DD8C001C9703 = {
						CreatedOnToolsVersion = 15.1;
						TestTargetID = C7B06C922B35DD8A001C9703;
					};
				};
			};
			buildConfigurationList = C7B06C8E2B35DD8A001C9703 /* Build configuration list for PBXProject "life_assistant_app" */;
			compatibilityVersion = "Xcode 14.0";
			developmentRegion = en;
			hasScannedForEncodings = 0;
			knownRegions = (
				en,
				Base,
			);
			mainGroup = C7B06C8A2B35DD8A001C9703;
			productRefGroup = C7B06C942B35DD8A001C9703 /* Products */;
			projectDirPath = "";
			projectRoot = "";
			targets = (
				C7B06C922B35DD8A001C9703 /* life_assistant_app */,
				C7B06CA22B35DD8C001C9703 /* life_assistant_appTests */,
				C7B06CAC2B35DD8C001C9703 /* life_assistant_appUITests */,
			);
		};
/* End PBXProject section */

/* Begin PBXResourcesBuildPhase section */
		C7B06C912B35DD8A001C9703 /* Resources */ = {
			isa = PBXResourcesBuildPhase;
			buildActionMask = 2147483647;
			files = (
				C7B06C9E2B35DD8C001C9703 /* Preview Assets.xcassets in Resources */,
				C7B06C9B2B35DD8C001C9703 /* Assets.xcassets in Resources */,
			);
			runOnlyForDeploymentPostprocessing = 0;
		};
		C7B06CA12B35DD8C001C9703 /* Resources */ = {
			isa = PBXResourcesBuildPhase;
			buildActionMask = 2147483647;
			files = (
			);
			runOnlyForDeploymentPostprocessing = 0;
		};
		C7B06CAB2B35DD8C001C9703 /* Resources */ = {
			isa = PBXResourcesBuildPhase;
			buildActionMask = 2147483647;
			files = (
			);
			runOnlyForDeploymentPostprocessing = 0;
		};
/* End PBXResourcesBuildPhase section */

/* Begin PBXSourcesBuildPhase section */
		C7B06C8F2B35DD8A001C9703 /* Sources */ = {
			isa = PBXSourcesBuildPhase;
			buildActionMask = 2147483647;
			files = (
				C7A037C42B3748530045E1D9 /* LifeAssistantApp.swift in Sources */,
				C7A037C92B377D6C0045E1D9 /* ListDesign.swift in Sources */,
				C731550F2B373E4F00D9E0FF /* SignAppleId.swift in Sources */,
				C73154FE2B37283200D9E0FF /* ShipmentFormView.swift in Sources */,
				C73154FC2B3709AB00D9E0FF /* ShipmentListView.swift in Sources */,
				C731550A2B37313600D9E0FF /* ApiRequest.swift in Sources */,
				C7B06C992B35DD8A001C9703 /* ContentView.swift in Sources */,
				C73154F02B36FB5100D9E0FF /* Validations.swift in Sources */,
				C73154F22B36FB6400D9E0FF /* Utils.swift in Sources */,
				C73154F62B36FBBE00D9E0FF /* ViewModel.swift in Sources */,
				C73154F42B36FB8100D9E0FF /* TransactionFormView.swift in Sources */,
				C73154FA2B36FFD000D9E0FF /* currency_text_field.swift in Sources */,
				C7A037C72B374BC70045E1D9 /* NetworkConfiguration.swift in Sources */,
				C731550D2B373DE300D9E0FF /* LoginView.swift in Sources */,
				C73155002B372C3B00D9E0FF /* shipmentModel.swift in Sources */,
				C73154F82B36FC1100D9E0FF /* Models.swift in Sources */,
			);
			runOnlyForDeploymentPostprocessing = 0;
		};
		C7B06C9F2B35DD8C001C9703 /* Sources */ = {
			isa = PBXSourcesBuildPhase;
			buildActionMask = 2147483647;
			files = (
				C7B06CA82B35DD8C001C9703 /* life_assistant_appTests.swift in Sources */,
			);
			runOnlyForDeploymentPostprocessing = 0;
		};
		C7B06CA92B35DD8C001C9703 /* Sources */ = {
			isa = PBXSourcesBuildPhase;
			buildActionMask = 2147483647;
			files = (
				C7B06CB22B35DD8C001C9703 /* life_assistant_appUITests.swift in Sources */,
				C7B06CB42B35DD8C001C9703 /* life_assistant_appUITestsLaunchTests.swift in Sources */,
			);
			runOnlyForDeploymentPostprocessing = 0;
		};
/* End PBXSourcesBuildPhase section */

/* Begin PBXTargetDependency section */
		C7B06CA52B35DD8C001C9703 /* PBXTargetDependency */ = {
			isa = PBXTargetDependency;
			target = C7B06C922B35DD8A001C9703 /* life_assistant_app */;
			targetProxy = C7B06CA42B35DD8C001C9703 /* PBXContainerItemProxy */;
		};
		C7B06CAF2B35DD8C001C9703 /* PBXTargetDependency */ = {
			isa = PBXTargetDependency;
			target = C7B06C922B35DD8A001C9703 /* life_assistant_app */;
			targetProxy = C7B06CAE2B35DD8C001C9703 /* PBXContainerItemProxy */;
		};
/* End PBXTargetDependency section */

/* Begin XCBuildConfiguration section */
		C7B06CB52B35DD8C001C9703 /* Debug */ = {
			isa = XCBuildConfiguration;
			buildSettings = {
				ALWAYS_SEARCH_USER_PATHS = NO;
				ASSETCATALOG_COMPILER_GENERATE_SWIFT_ASSET_SYMBOL_EXTENSIONS = YES;
				CLANG_ANALYZER_NONNULL = YES;
				CLANG_ANALYZER_NUMBER_OBJECT_CONVERSION = YES_AGGRESSIVE;
				CLANG_CXX_LANGUAGE_STANDARD = "gnu++20";
				CLANG_ENABLE_MODULES = YES;
				CLANG_ENABLE_OBJC_ARC = YES;
				CLANG_ENABLE_OBJC_WEAK = YES;
				CLANG_WARN_BLOCK_CAPTURE_AUTORELEASING = YES;
				CLANG_WARN_BOOL_CONVERSION = YES;
				CLANG_WARN_COMMA = YES;
				CLANG_WARN_CONSTANT_CONVERSION = YES;
				CLANG_WARN_DEPRECATED_OBJC_IMPLEMENTATIONS = YES;
				CLANG_WARN_DIRECT_OBJC_ISA_USAGE = YES_ERROR;
				CLANG_WARN_DOCUMENTATION_COMMENTS = YES;
				CLANG_WARN_EMPTY_BODY = YES;
				CLANG_WARN_ENUM_CONVERSION = YES;
				CLANG_WARN_INFINITE_RECURSION = YES;
				CLANG_WARN_INT_CONVERSION = YES;
				CLANG_WARN_NON_LITERAL_NULL_CONVERSION = YES;
				CLANG_WARN_OBJC_IMPLICIT_RETAIN_SELF = YES;
				CLANG_WARN_OBJC_LITERAL_CONVERSION = YES;
				CLANG_WARN_OBJC_ROOT_CLASS = YES_ERROR;
				CLANG_WARN_QUOTED_INCLUDE_IN_FRAMEWORK_HEADER = YES;
				CLANG_WARN_RANGE_LOOP_ANALYSIS = YES;
				CLANG_WARN_STRICT_PROTOTYPES = YES;
				CLANG_WARN_SUSPICIOUS_MOVE = YES;
				CLANG_WARN_UNGUARDED_AVAILABILITY = YES_AGGRESSIVE;
				CLANG_WARN_UNREACHABLE_CODE = YES;
				CLANG_WARN__DUPLICATE_METHOD_MATCH = YES;
				COPY_PHASE_STRIP = NO;
				DEBUG_INFORMATION_FORMAT = dwarf;
				ENABLE_STRICT_OBJC_MSGSEND = YES;
				ENABLE_TESTABILITY = YES;
				ENABLE_USER_SCRIPT_SANDBOXING = YES;
				GCC_C_LANGUAGE_STANDARD = gnu17;
				GCC_DYNAMIC_NO_PIC = NO;
				GCC_NO_COMMON_BLOCKS = YES;
				GCC_OPTIMIZATION_LEVEL = 0;
				GCC_PREPROCESSOR_DEFINITIONS = (
					"DEBUG=1",
					"$(inherited)",
				);
				GCC_WARN_64_TO_32_BIT_CONVERSION = YES;
				GCC_WARN_ABOUT_RETURN_TYPE = YES_ERROR;
				GCC_WARN_UNDECLARED_SELECTOR = YES;
				GCC_WARN_UNINITIALIZED_AUTOS = YES_AGGRESSIVE;
				GCC_WARN_UNUSED_FUNCTION = YES;
				GCC_WARN_UNUSED_VARIABLE = YES;
				IPHONEOS_DEPLOYMENT_TARGET = 17.2;
				LOCALIZATION_PREFERS_STRING_CATALOGS = YES;
				MTL_ENABLE_DEBUG_INFO = INCLUDE_SOURCE;
				MTL_FAST_MATH = YES;
				ONLY_ACTIVE_ARCH = YES;
				SDKROOT = iphoneos;
				SWIFT_ACTIVE_COMPILATION_CONDITIONS = "DEBUG $(inherited)";
				SWIFT_OPTIMIZATION_LEVEL = "-Onone";
			};
			name = Debug;
		};
		C7B06CB62B35DD8C001C9703 /* Release */ = {
			isa = XCBuildConfiguration;
			buildSettings = {
				ALWAYS_SEARCH_USER_PATHS = NO;
				ASSETCATALOG_COMPILER_GENERATE_SWIFT_ASSET_SYMBOL_EXTENSIONS = YES;
				CLANG_ANALYZER_NONNULL = YES;
				CLANG_ANALYZER_NUMBER_OBJECT_CONVERSION = YES_AGGRESSIVE;
				CLANG_CXX_LANGUAGE_STANDARD = "gnu++20";
				CLANG_ENABLE_MODULES = YES;
				CLANG_ENABLE_OBJC_ARC = YES;
				CLANG_ENABLE_OBJC_WEAK = YES;
				CLANG_WARN_BLOCK_CAPTURE_AUTORELEASING = YES;
				CLANG_WARN_BOOL_CONVERSION = YES;
				CLANG_WARN_COMMA = YES;
				CLANG_WARN_CONSTANT_CONVERSION = YES;
				CLANG_WARN_DEPRECATED_OBJC_IMPLEMENTATIONS = YES;
				CLANG_WARN_DIRECT_OBJC_ISA_USAGE = YES_ERROR;
				CLANG_WARN_DOCUMENTATION_COMMENTS = YES;
				CLANG_WARN_EMPTY_BODY = YES;
				CLANG_WARN_ENUM_CONVERSION = YES;
				CLANG_WARN_INFINITE_RECURSION = YES;
				CLANG_WARN_INT_CONVERSION = YES;
				CLANG_WARN_NON_LITERAL_NULL_CONVERSION = YES;
				CLANG_WARN_OBJC_IMPLICIT_RETAIN_SELF = YES;
				CLANG_WARN_OBJC_LITERAL_CONVERSION = YES;
				CLANG_WARN_OBJC_ROOT_CLASS = YES_ERROR;
				CLANG_WARN_QUOTED_INCLUDE_IN_FRAMEWORK_HEADER = YES;
				CLANG_WARN_RANGE_LOOP_ANALYSIS = YES;
				CLANG_WARN_STRICT_PROTOTYPES = YES;
				CLANG_WARN_SUSPICIOUS_MOVE = YES;
				CLANG_WARN_UNGUARDED_AVAILABILITY = YES_AGGRESSIVE;
				CLANG_WARN_UNREACHABLE_CODE = YES;
				CLANG_WARN__DUPLICATE_METHOD_MATCH = YES;
				COPY_PHASE_STRIP = NO;
				DEBUG_INFORMATION_FORMAT = "dwarf-with-dsym";
				ENABLE_NS_ASSERTIONS = NO;
				ENABLE_STRICT_OBJC_MSGSEND = YES;
				ENABLE_USER_SCRIPT_SANDBOXING = YES;
				GCC_C_LANGUAGE_STANDARD = gnu17;
				GCC_NO_COMMON_BLOCKS = YES;
				GCC_WARN_64_TO_32_BIT_CONVERSION = YES;
				GCC_WARN_ABOUT_RETURN_TYPE = YES_ERROR;
				GCC_WARN_UNDECLARED_SELECTOR = YES;
				GCC_WARN_UNINITIALIZED_AUTOS = YES_AGGRESSIVE;
				GCC_WARN_UNUSED_FUNCTION = YES;
				GCC_WARN_UNUSED_VARIABLE = YES;
				IPHONEOS_DEPLOYMENT_TARGET = 17.2;
				LOCALIZATION_PREFERS_STRING_CATALOGS = YES;
				MTL_ENABLE_DEBUG_INFO = NO;
				MTL_FAST_MATH = YES;
				SDKROOT = iphoneos;
				SWIFT_COMPILATION_MODE = wholemodule;
				VALIDATE_PRODUCT = YES;
			};
			name = Release;
		};
		C7B06CB82B35DD8C001C9703 /* Debug */ = {
			isa = XCBuildConfiguration;
			buildSettings = {
				ASSETCATALOG_COMPILER_APPICON_NAME = AppIcon;
				ASSETCATALOG_COMPILER_GLOBAL_ACCENT_COLOR_NAME = AccentColor;
				CODE_SIGN_IDENTITY = "Apple Development";
				CODE_SIGN_STYLE = Automatic;
				CURRENT_PROJECT_VERSION = 1;
				DEVELOPMENT_ASSET_PATHS = "\"life_assistant_app/Preview Content\"";
				DEVELOPMENT_TEAM = 3JV9SLBP56;
				ENABLE_PREVIEWS = YES;
				GENERATE_INFOPLIST_FILE = YES;
				INFOPLIST_FILE = "life-assistant-app-Info.plist";
				INFOPLIST_KEY_CFBundleDisplayName = "Life Assistant";
				INFOPLIST_KEY_LSApplicationCategoryType = "public.app-category.productivity";
				INFOPLIST_KEY_UIApplicationSceneManifest_Generation = YES;
				INFOPLIST_KEY_UIApplicationSupportsIndirectInputEvents = YES;
				INFOPLIST_KEY_UILaunchScreen_Generation = YES;
				INFOPLIST_KEY_UISupportedInterfaceOrientations_iPad = "UIInterfaceOrientationPortrait UIInterfaceOrientationPortraitUpsideDown UIInterfaceOrientationLandscapeLeft UIInterfaceOrientationLandscapeRight";
				INFOPLIST_KEY_UISupportedInterfaceOrientations_iPhone = "UIInterfaceOrientationPortrait UIInterfaceOrientationLandscapeLeft UIInterfaceOrientationLandscapeRight";
				IPHONEOS_DEPLOYMENT_TARGET = 17.2;
				LD_RUNPATH_SEARCH_PATHS = (
					"$(inherited)",
					"@executable_path/Frameworks",
				);
				MARKETING_VERSION = 1.0;
				PRODUCT_BUNDLE_IDENTIFIER = "life-assistant.life-assistant-app";
				PRODUCT_NAME = "$(TARGET_NAME)";
				PROVISIONING_PROFILE_SPECIFIER = "";
				SWIFT_EMIT_LOC_STRINGS = YES;
				SWIFT_VERSION = 5.0;
				TARGETED_DEVICE_FAMILY = "1,2";
			};
			name = Debug;
		};
		C7B06CB92B35DD8C001C9703 /* Release */ = {
			isa = XCBuildConfiguration;
			buildSettings = {
				ASSETCATALOG_COMPILER_APPICON_NAME = AppIcon;
				ASSETCATALOG_COMPILER_GLOBAL_ACCENT_COLOR_NAME = AccentColor;
				CODE_SIGN_IDENTITY = "Apple Development";
				CODE_SIGN_STYLE = Automatic;
				CURRENT_PROJECT_VERSION = 1;
				DEVELOPMENT_ASSET_PATHS = "\"life_assistant_app/Preview Content\"";
				DEVELOPMENT_TEAM = 3JV9SLBP56;
				ENABLE_PREVIEWS = YES;
				GENERATE_INFOPLIST_FILE = YES;
				INFOPLIST_FILE = "life-assistant-app-Info.plist";
				INFOPLIST_KEY_CFBundleDisplayName = "Life Assistant";
				INFOPLIST_KEY_LSApplicationCategoryType = "public.app-category.productivity";
				INFOPLIST_KEY_UIApplicationSceneManifest_Generation = YES;
				INFOPLIST_KEY_UIApplicationSupportsIndirectInputEvents = YES;
				INFOPLIST_KEY_UILaunchScreen_Generation = YES;
				INFOPLIST_KEY_UISupportedInterfaceOrientations_iPad = "UIInterfaceOrientationPortrait UIInterfaceOrientationPortraitUpsideDown UIInterfaceOrientationLandscapeLeft UIInterfaceOrientationLandscapeRight";
				INFOPLIST_KEY_UISupportedInterfaceOrientations_iPhone = "UIInterfaceOrientationPortrait UIInterfaceOrientationLandscapeLeft UIInterfaceOrientationLandscapeRight";
				IPHONEOS_DEPLOYMENT_TARGET = 17.2;
				LD_RUNPATH_SEARCH_PATHS = (
					"$(inherited)",
					"@executable_path/Frameworks",
				);
				MARKETING_VERSION = 1.0;
				PRODUCT_BUNDLE_IDENTIFIER = "life-assistant.life-assistant-app";
				PRODUCT_NAME = "$(TARGET_NAME)";
				PROVISIONING_PROFILE_SPECIFIER = "";
				SWIFT_EMIT_LOC_STRINGS = YES;
				SWIFT_VERSION = 5.0;
				TARGETED_DEVICE_FAMILY = "1,2";
			};
			name = Release;
		};
		C7B06CBB2B35DD8C001C9703 /* Debug */ = {
			isa = XCBuildConfiguration;
			buildSettings = {
				ALWAYS_EMBED_SWIFT_STANDARD_LIBRARIES = YES;
				BUNDLE_LOADER = "$(TEST_HOST)";
				CODE_SIGN_STYLE = Automatic;
				CURRENT_PROJECT_VERSION = 1;
				DEVELOPMENT_TEAM = 3JV9SLBP56;
				GENERATE_INFOPLIST_FILE = YES;
				IPHONEOS_DEPLOYMENT_TARGET = 17.2;
				MARKETING_VERSION = 1.0;
				PRODUCT_BUNDLE_IDENTIFIER = "life-assistant.life-assistant-appTests";
				PRODUCT_NAME = "$(TARGET_NAME)";
				SWIFT_EMIT_LOC_STRINGS = NO;
				SWIFT_VERSION = 5.0;
				TARGETED_DEVICE_FAMILY = "1,2";
				TEST_HOST = "$(BUILT_PRODUCTS_DIR)/life_assistant_app.app/$(BUNDLE_EXECUTABLE_FOLDER_PATH)/life_assistant_app";
			};
			name = Debug;
		};
		C7B06CBC2B35DD8C001C9703 /* Release */ = {
			isa = XCBuildConfiguration;
			buildSettings = {
				ALWAYS_EMBED_SWIFT_STANDARD_LIBRARIES = YES;
				BUNDLE_LOADER = "$(TEST_HOST)";
				CODE_SIGN_STYLE = Automatic;
				CURRENT_PROJECT_VERSION = 1;
				DEVELOPMENT_TEAM = 3JV9SLBP56;
				GENERATE_INFOPLIST_FILE = YES;
				IPHONEOS_DEPLOYMENT_TARGET = 17.2;
				MARKETING_VERSION = 1.0;
				PRODUCT_BUNDLE_IDENTIFIER = "life-assistant.life-assistant-appTests";
				PRODUCT_NAME = "$(TARGET_NAME)";
				SWIFT_EMIT_LOC_STRINGS = NO;
				SWIFT_VERSION = 5.0;
				TARGETED_DEVICE_FAMILY = "1,2";
				TEST_HOST = "$(BUILT_PRODUCTS_DIR)/life_assistant_app.app/$(BUNDLE_EXECUTABLE_FOLDER_PATH)/life_assistant_app";
			};
			name = Release;
		};
		C7B06CBE2B35DD8C001C9703 /* Debug */ = {
			isa = XCBuildConfiguration;
			buildSettings = {
				ALWAYS_EMBED_SWIFT_STANDARD_LIBRARIES = YES;
				CODE_SIGN_STYLE = Automatic;
				CURRENT_PROJECT_VERSION = 1;
				DEVELOPMENT_TEAM = 3JV9SLBP56;
				GENERATE_INFOPLIST_FILE = YES;
				IPHONEOS_DEPLOYMENT_TARGET = 17.2;
				MARKETING_VERSION = 1.0;
				PRODUCT_BUNDLE_IDENTIFIER = "life-assistant.life-assistant-appUITests";
				PRODUCT_NAME = "$(TARGET_NAME)";
				SWIFT_EMIT_LOC_STRINGS = NO;
				SWIFT_VERSION = 5.0;
				TARGETED_DEVICE_FAMILY = "1,2";
				TEST_TARGET_NAME = life_assistant_app;
			};
			name = Debug;
		};
		C7B06CBF2B35DD8C001C9703 /* Release */ = {
			isa = XCBuildConfiguration;
			buildSettings = {
				ALWAYS_EMBED_SWIFT_STANDARD_LIBRARIES = YES;
				CODE_SIGN_STYLE = Automatic;
				CURRENT_PROJECT_VERSION = 1;
				DEVELOPMENT_TEAM = 3JV9SLBP56;
				GENERATE_INFOPLIST_FILE = YES;
				IPHONEOS_DEPLOYMENT_TARGET = 17.2;
				MARKETING_VERSION = 1.0;
				PRODUCT_BUNDLE_IDENTIFIER = "life-assistant.life-assistant-appUITests";
				PRODUCT_NAME = "$(TARGET_NAME)";
				SWIFT_EMIT_LOC_STRINGS = NO;
				SWIFT_VERSION = 5.0;
				TARGETED_DEVICE_FAMILY = "1,2";
				TEST_TARGET_NAME = life_assistant_app;
			};
			name = Release;
		};
/* End XCBuildConfiguration section */

/* Begin XCConfigurationList section */
		C7B06C8E2B35DD8A001C9703 /* Build configuration list for PBXProject "life_assistant_app" */ = {
			isa = XCConfigurationList;
			buildConfigurations = (
				C7B06CB52B35DD8C001C9703 /* Debug */,
				C7B06CB62B35DD8C001C9703 /* Release */,
			);
			defaultConfigurationIsVisible = 0;
			defaultConfigurationName = Release;
		};
		C7B06CB72B35DD8C001C9703 /* Build configuration list for PBXNativeTarget "life_assistant_app" */ = {
			isa = XCConfigurationList;
			buildConfigurations = (
				C7B06CB82B35DD8C001C9703 /* Debug */,
				C7B06CB92B35DD8C001C9703 /* Release */,
			);
			defaultConfigurationIsVisible = 0;
			defaultConfigurationName = Release;
		};
		C7B06CBA2B35DD8C001C9703 /* Build configuration list for PBXNativeTarget "life_assistant_appTests" */ = {
			isa = XCConfigurationList;
			buildConfigurations = (
				C7B06CBB2B35DD8C001C9703 /* Debug */,
				C7B06CBC2B35DD8C001C9703 /* Release */,
			);
			defaultConfigurationIsVisible = 0;
			defaultConfigurationName = Release;
		};
		C7B06CBD2B35DD8C001C9703 /* Build configuration list for PBXNativeTarget "life_assistant_appUITests" */ = {
			isa = XCConfigurationList;
			buildConfigurations = (
				C7B06CBE2B35DD8C001C9703 /* Debug */,
				C7B06CBF2B35DD8C001C9703 /* Release */,
			);
			defaultConfigurationIsVisible = 0;
			defaultConfigurationName = Release;
		};
/* End XCConfigurationList section */
	};
	rootObject = C7B06C8B2B35DD8A001C9703 /* Project object */;
}
